Microsoft Visual Studio Solution File, Format Version 12.00
# Visual Studio Version 17
VisualStudioVersion = 17.7.34031.279
MinimumVisualStudioVersion = 10.0.40219.1
Project("{FAE04EC0-301F-11D3-BF4B-00C04F79EFBC}") = "Orai munka", "Orai munka\Orai munka.csproj", "{E3652548-2E8F-4057-8C38-51B19549CE7D}"
EndProject
Project("{FAE04EC0-301F-11D3-BF4B-00C04F79EFBC}") = "Allatok", "Allatok\Allatok.csproj", "{33EB0D37-A792-4F42-8251-BF1BE516617F}"
EndProject
Project("{FAE04EC0-301F-11D3-BF4B-00C04F79EFBC}") = "LINQ Alapok", "LINQ Alapok\LINQ Alapok.csproj", "{E0CD6718-A68B-47FF-8F32-9AB2E4454E58}"
EndProject
Project("{FAE04EC0-301F-11D3-BF4B-00C04F79EFBC}") = "MySQL Stuff", "MySQL Stuff\MySQL Stuff.csproj", "{DDF2945F-1A06-4BF3-B35A-5A6543D8BE39}"
EndProject
Project("{FAE04EC0-301F-11D3-BF4B-00C04F79EFBC}") = "Lambda alapok", "Lambda alapok\Lambda alapok.csproj", "{93862F1F-E475-4562-B63D-4CE7DFA7CE94}"
EndProject
Project("{FAE04EC0-301F-11D3-BF4B-00C04F79EFBC}") = "Dokumentum", "Dokumentum\Dokumentum.csproj", "{15D5088A-2C4E-46C1-8779-C2A41DA64C1A}"
EndProject
Project("{FAE04EC0-301F-11D3-BF4B-00C04F79EFBC}") = "Kor", "Kor\Kor.csproj", "{1E19E4FA-643F-4D57-94F3-F00D97CC7211}"
EndProject
Project("{FAE04EC0-301F-11D3-BF4B-00C04F79EFBC}") = "Oroklodes", "Oroklodes\Oroklodes.csproj", "{A9C80BC6-534E-46CB-BE81-A35BBC764EE2}"
EndProject
Project("{FAE04EC0-301F-11D3-BF4B-00C04F79EFBC}") = "Dolgozat", "Dolgozat\Dolgozat.csproj", "{1F6AA70E-13ED-4C96-A51D-83E5BBAF3E95}"
EndProject
Project("{FAE04EC0-301F-11D3-BF4B-00C04F79EFBC}") = "09-21", "09-21\09-21.csproj", "{EAAA09C7-1F32-465A-A481-CF02EF87863C}"
EndProject
Project("{FAE04EC0-301F-11D3-BF4B-00C04F79EFBC}") = "Fajlkezeles", "Fajlkezeles\Fajlkezeles.csproj", "{A35E1D1F-26C7-40BE-8018-D97A9C1D8F33}"
EndProject
Project("{FAE04EC0-301F-11D3-BF4B-00C04F79EFBC}") = "EqualsTesting", "EqualsTesting\EqualsTesting.csproj", "{FE5EBACC-F153-4283-8E7F-A6016688D33A}"
EndProject
Project("{9A19103F-16F7-4668-BE54-9A1E7A4F7556}") = "Berek2020", "Berek2020\Berek2020.csproj", "{215B8594-F82F-456A-AB57-7625BEA33FEE}"
EndProject
Project("{FAE04EC0-301F-11D3-BF4B-00C04F79EFBC}") = "Homerseklet", "Homerseklet\Homerseklet.csproj", "{81A594B9-08BF-4026-9471-4F0C198EE102}"
EndProject
Project("{FAE04EC0-301F-11D3-BF4B-00C04F79EFBC}") = "iskolaGUI", "iskolaGUI\iskolaGUI.csproj", "{7A8A1B04-266D-4E45-8780-9934FBBD0366}"
EndProject
Project("{9A19103F-16F7-4668-BE54-9A1E7A4F7556}") = "Cukraszda", "Cukraszda\Cukraszda.csproj", "{82673A6A-3EAD-4F9A-8DA2-40099473F588}"
EndProject
Project("{9A19103F-16F7-4668-BE54-9A1E7A4F7556}") = "Cukraszda.Desktop", "Cukraszda.Desktop\Cukraszda.Desktop.csproj", "{C8F5DDD9-7DC8-4A85-8137-58101B553D22}"
EndProject
Project("{9A19103F-16F7-4668-BE54-9A1E7A4F7556}") = "Cukraszda.Browser", "Cukraszda.Browser\Cukraszda.Browser.csproj", "{493AD76D-0FBB-492E-B6AF-1860CED41262}"
EndProject
Project("{FAE04EC0-301F-11D3-BF4B-00C04F79EFBC}") = "Maraton_FutoVerseny", "Maraton_FutoVerseny\Maraton_FutoVerseny.csproj", "{156AB2E5-15AD-4651-BA95-7C2370A1DC9C}"
EndProject
Project("{9A19103F-16F7-4668-BE54-9A1E7A4F7556}") = "Orszagok", "Orszagok\Orszagok.csproj", "{23C8D071-0C37-4706-86BE-0D76E4481FB8}"
EndProject
Project("{FAE04EC0-301F-11D3-BF4B-00C04F79EFBC}") = "Shortest Path", "Shortest Path\Shortest Path.csproj", "{6CFE9151-9106-4E54-8E13-0A0BE3879EBA}"
EndProject
Project("{FAE04EC0-301F-11D3-BF4B-00C04F79EFBC}") = "LY_anyurl_word_collector", "LY_anyurl_word_collector\LY_anyurl_word_collector.csproj", "{7FC794C9-7B6F-4101-AC4F-9F744AF8283A}"
EndProject
Project("{9A19103F-16F7-4668-BE54-9A1E7A4F7556}") = "Varosok_Dolgozat", "Varosok_Dolgozat\Varosok_Dolgozat.csproj", "{937787C5-2DC7-438B-ACE6-94236AE8FB27}"
EndProject
Project("{FAE04EC0-301F-11D3-BF4B-00C04F79EFBC}") = "Pizza", "Pizza\Pizza.csproj", "{4EE834F5-7CC1-43FA-BB41-BC123116A8D0}"
EndProject
Global
	GlobalSection(SolutionConfigurationPlatforms) = preSolution
		Debug|Any CPU = Debug|Any CPU
		Release|Any CPU = Release|Any CPU
	EndGlobalSection
	GlobalSection(ProjectConfigurationPlatforms) = postSolution
		{E3652548-2E8F-4057-8C38-51B19549CE7D}.Debug|Any CPU.ActiveCfg = Debug|Any CPU
		{E3652548-2E8F-4057-8C38-51B19549CE7D}.Debug|Any CPU.Build.0 = Debug|Any CPU
		{E3652548-2E8F-4057-8C38-51B19549CE7D}.Release|Any CPU.ActiveCfg = Release|Any CPU
		{E3652548-2E8F-4057-8C38-51B19549CE7D}.Release|Any CPU.Build.0 = Release|Any CPU
		{33EB0D37-A792-4F42-8251-BF1BE516617F}.Debug|Any CPU.ActiveCfg = Debug|Any CPU
		{33EB0D37-A792-4F42-8251-BF1BE516617F}.Debug|Any CPU.Build.0 = Debug|Any CPU
		{33EB0D37-A792-4F42-8251-BF1BE516617F}.Release|Any CPU.ActiveCfg = Release|Any CPU
		{33EB0D37-A792-4F42-8251-BF1BE516617F}.Release|Any CPU.Build.0 = Release|Any CPU
		{E0CD6718-A68B-47FF-8F32-9AB2E4454E58}.Debug|Any CPU.ActiveCfg = Debug|Any CPU
		{E0CD6718-A68B-47FF-8F32-9AB2E4454E58}.Debug|Any CPU.Build.0 = Debug|Any CPU
		{E0CD6718-A68B-47FF-8F32-9AB2E4454E58}.Release|Any CPU.ActiveCfg = Release|Any CPU
		{E0CD6718-A68B-47FF-8F32-9AB2E4454E58}.Release|Any CPU.Build.0 = Release|Any CPU
		{DDF2945F-1A06-4BF3-B35A-5A6543D8BE39}.Debug|Any CPU.ActiveCfg = Debug|Any CPU
		{DDF2945F-1A06-4BF3-B35A-5A6543D8BE39}.Debug|Any CPU.Build.0 = Debug|Any CPU
		{DDF2945F-1A06-4BF3-B35A-5A6543D8BE39}.Release|Any CPU.ActiveCfg = Release|Any CPU
		{DDF2945F-1A06-4BF3-B35A-5A6543D8BE39}.Release|Any CPU.Build.0 = Release|Any CPU
		{93862F1F-E475-4562-B63D-4CE7DFA7CE94}.Debug|Any CPU.ActiveCfg = Debug|Any CPU
		{93862F1F-E475-4562-B63D-4CE7DFA7CE94}.Debug|Any CPU.Build.0 = Debug|Any CPU
		{93862F1F-E475-4562-B63D-4CE7DFA7CE94}.Release|Any CPU.ActiveCfg = Release|Any CPU
		{93862F1F-E475-4562-B63D-4CE7DFA7CE94}.Release|Any CPU.Build.0 = Release|Any CPU
		{15D5088A-2C4E-46C1-8779-C2A41DA64C1A}.Debug|Any CPU.ActiveCfg = Debug|Any CPU
		{15D5088A-2C4E-46C1-8779-C2A41DA64C1A}.Debug|Any CPU.Build.0 = Debug|Any CPU
		{15D5088A-2C4E-46C1-8779-C2A41DA64C1A}.Release|Any CPU.ActiveCfg = Release|Any CPU
		{15D5088A-2C4E-46C1-8779-C2A41DA64C1A}.Release|Any CPU.Build.0 = Release|Any CPU
		{1E19E4FA-643F-4D57-94F3-F00D97CC7211}.Debug|Any CPU.ActiveCfg = Debug|Any CPU
		{1E19E4FA-643F-4D57-94F3-F00D97CC7211}.Debug|Any CPU.Build.0 = Debug|Any CPU
		{1E19E4FA-643F-4D57-94F3-F00D97CC7211}.Release|Any CPU.ActiveCfg = Release|Any CPU
		{1E19E4FA-643F-4D57-94F3-F00D97CC7211}.Release|Any CPU.Build.0 = Release|Any CPU
		{A9C80BC6-534E-46CB-BE81-A35BBC764EE2}.Debug|Any CPU.ActiveCfg = Debug|Any CPU
		{A9C80BC6-534E-46CB-BE81-A35BBC764EE2}.Debug|Any CPU.Build.0 = Debug|Any CPU
		{A9C80BC6-534E-46CB-BE81-A35BBC764EE2}.Release|Any CPU.ActiveCfg = Release|Any CPU
		{A9C80BC6-534E-46CB-BE81-A35BBC764EE2}.Release|Any CPU.Build.0 = Release|Any CPU
		{1F6AA70E-13ED-4C96-A51D-83E5BBAF3E95}.Debug|Any CPU.ActiveCfg = Debug|Any CPU
		{1F6AA70E-13ED-4C96-A51D-83E5BBAF3E95}.Debug|Any CPU.Build.0 = Debug|Any CPU
		{1F6AA70E-13ED-4C96-A51D-83E5BBAF3E95}.Release|Any CPU.ActiveCfg = Release|Any CPU
		{1F6AA70E-13ED-4C96-A51D-83E5BBAF3E95}.Release|Any CPU.Build.0 = Release|Any CPU
		{EAAA09C7-1F32-465A-A481-CF02EF87863C}.Debug|Any CPU.ActiveCfg = Debug|Any CPU
		{EAAA09C7-1F32-465A-A481-CF02EF87863C}.Debug|Any CPU.Build.0 = Debug|Any CPU
		{EAAA09C7-1F32-465A-A481-CF02EF87863C}.Release|Any CPU.ActiveCfg = Release|Any CPU
		{EAAA09C7-1F32-465A-A481-CF02EF87863C}.Release|Any CPU.Build.0 = Release|Any CPU
		{A35E1D1F-26C7-40BE-8018-D97A9C1D8F33}.Debug|Any CPU.ActiveCfg = Debug|Any CPU
		{A35E1D1F-26C7-40BE-8018-D97A9C1D8F33}.Debug|Any CPU.Build.0 = Debug|Any CPU
		{A35E1D1F-26C7-40BE-8018-D97A9C1D8F33}.Release|Any CPU.ActiveCfg = Release|Any CPU
		{A35E1D1F-26C7-40BE-8018-D97A9C1D8F33}.Release|Any CPU.Build.0 = Release|Any CPU
		{FE5EBACC-F153-4283-8E7F-A6016688D33A}.Debug|Any CPU.ActiveCfg = Debug|Any CPU
		{FE5EBACC-F153-4283-8E7F-A6016688D33A}.Debug|Any CPU.Build.0 = Debug|Any CPU
		{FE5EBACC-F153-4283-8E7F-A6016688D33A}.Release|Any CPU.ActiveCfg = Release|Any CPU
		{FE5EBACC-F153-4283-8E7F-A6016688D33A}.Release|Any CPU.Build.0 = Release|Any CPU
		{215B8594-F82F-456A-AB57-7625BEA33FEE}.Debug|Any CPU.ActiveCfg = Debug|Any CPU
		{215B8594-F82F-456A-AB57-7625BEA33FEE}.Debug|Any CPU.Build.0 = Debug|Any CPU
		{215B8594-F82F-456A-AB57-7625BEA33FEE}.Release|Any CPU.ActiveCfg = Release|Any CPU
		{215B8594-F82F-456A-AB57-7625BEA33FEE}.Release|Any CPU.Build.0 = Release|Any CPU
		{81A594B9-08BF-4026-9471-4F0C198EE102}.Debug|Any CPU.ActiveCfg = Debug|Any CPU
		{81A594B9-08BF-4026-9471-4F0C198EE102}.Debug|Any CPU.Build.0 = Debug|Any CPU
		{81A594B9-08BF-4026-9471-4F0C198EE102}.Release|Any CPU.ActiveCfg = Release|Any CPU
		{81A594B9-08BF-4026-9471-4F0C198EE102}.Release|Any CPU.Build.0 = Release|Any CPU
		{7A8A1B04-266D-4E45-8780-9934FBBD0366}.Debug|Any CPU.ActiveCfg = Debug|Any CPU
		{7A8A1B04-266D-4E45-8780-9934FBBD0366}.Debug|Any CPU.Build.0 = Debug|Any CPU
		{7A8A1B04-266D-4E45-8780-9934FBBD0366}.Release|Any CPU.ActiveCfg = Release|Any CPU
		{7A8A1B04-266D-4E45-8780-9934FBBD0366}.Release|Any CPU.Build.0 = Release|Any CPU
		{82673A6A-3EAD-4F9A-8DA2-40099473F588}.Debug|Any CPU.ActiveCfg = Debug|Any CPU
		{82673A6A-3EAD-4F9A-8DA2-40099473F588}.Debug|Any CPU.Build.0 = Debug|Any CPU
		{82673A6A-3EAD-4F9A-8DA2-40099473F588}.Release|Any CPU.ActiveCfg = Release|Any CPU
		{82673A6A-3EAD-4F9A-8DA2-40099473F588}.Release|Any CPU.Build.0 = Release|Any CPU
		{C8F5DDD9-7DC8-4A85-8137-58101B553D22}.Debug|Any CPU.ActiveCfg = Debug|Any CPU
		{C8F5DDD9-7DC8-4A85-8137-58101B553D22}.Debug|Any CPU.Build.0 = Debug|Any CPU
		{C8F5DDD9-7DC8-4A85-8137-58101B553D22}.Release|Any CPU.ActiveCfg = Release|Any CPU
		{C8F5DDD9-7DC8-4A85-8137-58101B553D22}.Release|Any CPU.Build.0 = Release|Any CPU
		{493AD76D-0FBB-492E-B6AF-1860CED41262}.Debug|Any CPU.ActiveCfg = Debug|Any CPU
		{493AD76D-0FBB-492E-B6AF-1860CED41262}.Debug|Any CPU.Build.0 = Debug|Any CPU
		{493AD76D-0FBB-492E-B6AF-1860CED41262}.Release|Any CPU.ActiveCfg = Release|Any CPU
		{493AD76D-0FBB-492E-B6AF-1860CED41262}.Release|Any CPU.Build.0 = Release|Any CPU
		{156AB2E5-15AD-4651-BA95-7C2370A1DC9C}.Debug|Any CPU.ActiveCfg = Debug|Any CPU
		{156AB2E5-15AD-4651-BA95-7C2370A1DC9C}.Debug|Any CPU.Build.0 = Debug|Any CPU
		{156AB2E5-15AD-4651-BA95-7C2370A1DC9C}.Release|Any CPU.ActiveCfg = Release|Any CPU
		{156AB2E5-15AD-4651-BA95-7C2370A1DC9C}.Release|Any CPU.Build.0 = Release|Any CPU
		{23C8D071-0C37-4706-86BE-0D76E4481FB8}.Debug|Any CPU.ActiveCfg = Debug|Any CPU
		{23C8D071-0C37-4706-86BE-0D76E4481FB8}.Debug|Any CPU.Build.0 = Debug|Any CPU
		{23C8D071-0C37-4706-86BE-0D76E4481FB8}.Release|Any CPU.ActiveCfg = Release|Any CPU
		{23C8D071-0C37-4706-86BE-0D76E4481FB8}.Release|Any CPU.Build.0 = Release|Any CPU
		{6CFE9151-9106-4E54-8E13-0A0BE3879EBA}.Debug|Any CPU.ActiveCfg = Debug|x64
		{6CFE9151-9106-4E54-8E13-0A0BE3879EBA}.Debug|Any CPU.Build.0 = Debug|x64
		{6CFE9151-9106-4E54-8E13-0A0BE3879EBA}.Release|Any CPU.ActiveCfg = Release|Any CPU
		{6CFE9151-9106-4E54-8E13-0A0BE3879EBA}.Release|Any CPU.Build.0 = Release|Any CPU
		{7FC794C9-7B6F-4101-AC4F-9F744AF8283A}.Debug|Any CPU.ActiveCfg = Debug|Any CPU
		{7FC794C9-7B6F-4101-AC4F-9F744AF8283A}.Debug|Any CPU.Build.0 = Debug|Any CPU
		{7FC794C9-7B6F-4101-AC4F-9F744AF8283A}.Release|Any CPU.ActiveCfg = Release|Any CPU
		{7FC794C9-7B6F-4101-AC4F-9F744AF8283A}.Release|Any CPU.Build.0 = Release|Any CPU
		{937787C5-2DC7-438B-ACE6-94236AE8FB27}.Debug|Any CPU.ActiveCfg = Debug|Any CPU
		{937787C5-2DC7-438B-ACE6-94236AE8FB27}.Debug|Any CPU.Build.0 = Debug|Any CPU
		{937787C5-2DC7-438B-ACE6-94236AE8FB27}.Release|Any CPU.ActiveCfg = Release|Any CPU
		{937787C5-2DC7-438B-ACE6-94236AE8FB27}.Release|Any CPU.Build.0 = Release|Any CPU
		{4EE834F5-7CC1-43FA-BB41-BC123116A8D0}.Debug|Any CPU.ActiveCfg = Debug|Any CPU
		{4EE834F5-7CC1-43FA-BB41-BC123116A8D0}.Debug|Any CPU.Build.0 = Debug|Any CPU
		{4EE834F5-7CC1-43FA-BB41-BC123116A8D0}.Release|Any CPU.ActiveCfg = Release|Any CPU
		{4EE834F5-7CC1-43FA-BB41-BC123116A8D0}.Release|Any CPU.Build.0 = Release|Any CPU
	EndGlobalSection
	GlobalSection(SolutionProperties) = preSolution
		HideSolutionNode = FALSE
	EndGlobalSection
	GlobalSection(ExtensibilityGlobals) = postSolution
		SolutionGuid = {DE24A375-8EB5-4F88-B997-6203CB01E394}
	EndGlobalSection
EndGlobal
